// !$*UTF8*$!
{
	archiveVersion = 1;
	classes = {
	};
	objectVersion = 55;
	objects = {

/* Begin PBXBuildFile section */
		352A410427C533E600AAC4E6 /* FullWidthButton.swift in Sources */ = {isa = PBXBuildFile; fileRef = 352A410327C533E600AAC4E6 /* FullWidthButton.swift */; };
		352A410527C533E600AAC4E6 /* FullWidthButton.swift in Sources */ = {isa = PBXBuildFile; fileRef = 352A410327C533E600AAC4E6 /* FullWidthButton.swift */; };
		352A410727C544EE00AAC4E6 /* SystemIconTextField.swift in Sources */ = {isa = PBXBuildFile; fileRef = 352A410627C544EE00AAC4E6 /* SystemIconTextField.swift */; };
		352A410827C544EE00AAC4E6 /* SystemIconTextField.swift in Sources */ = {isa = PBXBuildFile; fileRef = 352A410627C544EE00AAC4E6 /* SystemIconTextField.swift */; };
		352A410A27C54E7100AAC4E6 /* SystemIconSecureField.swift in Sources */ = {isa = PBXBuildFile; fileRef = 352A410927C54E7100AAC4E6 /* SystemIconSecureField.swift */; };
		352A410B27C54E7100AAC4E6 /* SystemIconSecureField.swift in Sources */ = {isa = PBXBuildFile; fileRef = 352A410927C54E7100AAC4E6 /* SystemIconSecureField.swift */; };
		35B4E80227C50E26000A96E5 /* Color+Extension.swift in Sources */ = {isa = PBXBuildFile; fileRef = 35B4E80127C50E26000A96E5 /* Color+Extension.swift */; };
		35B4E80327C50E26000A96E5 /* Color+Extension.swift in Sources */ = {isa = PBXBuildFile; fileRef = 35B4E80127C50E26000A96E5 /* Color+Extension.swift */; };
		35CCC79827C3F82100E9C726 /* Tests_iOS.swift in Sources */ = {isa = PBXBuildFile; fileRef = 35CCC79727C3F82100E9C726 /* Tests_iOS.swift */; };
		35CCC79A27C3F82100E9C726 /* Tests_iOSLaunchTests.swift in Sources */ = {isa = PBXBuildFile; fileRef = 35CCC79927C3F82100E9C726 /* Tests_iOSLaunchTests.swift */; };
		35CCC7A427C3F82100E9C726 /* Tests_macOS.swift in Sources */ = {isa = PBXBuildFile; fileRef = 35CCC7A327C3F82100E9C726 /* Tests_macOS.swift */; };
		35CCC7A627C3F82100E9C726 /* Tests_macOSLaunchTests.swift in Sources */ = {isa = PBXBuildFile; fileRef = 35CCC7A527C3F82100E9C726 /* Tests_macOSLaunchTests.swift */; };
		35CCC7A727C3F82100E9C726 /* ContabilizeiApp.swift in Sources */ = {isa = PBXBuildFile; fileRef = 35CCC77F27C3F82000E9C726 /* ContabilizeiApp.swift */; };
		35CCC7A827C3F82100E9C726 /* ContabilizeiApp.swift in Sources */ = {isa = PBXBuildFile; fileRef = 35CCC77F27C3F82000E9C726 /* ContabilizeiApp.swift */; };
		35CCC7AB27C3F82100E9C726 /* Assets.xcassets in Resources */ = {isa = PBXBuildFile; fileRef = 35CCC78127C3F82100E9C726 /* Assets.xcassets */; };
		35CCC7AC27C3F82100E9C726 /* Assets.xcassets in Resources */ = {isa = PBXBuildFile; fileRef = 35CCC78127C3F82100E9C726 /* Assets.xcassets */; };
		35CCC7BD27C4132D00E9C726 /* LoginView.swift in Sources */ = {isa = PBXBuildFile; fileRef = 35CCC7BC27C4132D00E9C726 /* LoginView.swift */; };
		35CCC7C227C41CA100E9C726 /* LoginView.swift in Sources */ = {isa = PBXBuildFile; fileRef = 35CCC7BC27C4132D00E9C726 /* LoginView.swift */; };
		35CCC7C627C42A4000E9C726 /* CustomBorderViewModifier.swift in Sources */ = {isa = PBXBuildFile; fileRef = 35CCC7C527C42A4000E9C726 /* CustomBorderViewModifier.swift */; };
		35CCC7C727C42A4000E9C726 /* CustomBorderViewModifier.swift in Sources */ = {isa = PBXBuildFile; fileRef = 35CCC7C527C42A4000E9C726 /* CustomBorderViewModifier.swift */; };
/* End PBXBuildFile section */

/* Begin PBXContainerItemProxy section */
		35CCC79427C3F82100E9C726 /* PBXContainerItemProxy */ = {
			isa = PBXContainerItemProxy;
			containerPortal = 35CCC77A27C3F82000E9C726 /* Project object */;
			proxyType = 1;
			remoteGlobalIDString = 35CCC78527C3F82100E9C726;
			remoteInfo = "Contabilizei (iOS)";
		};
		35CCC7A027C3F82100E9C726 /* PBXContainerItemProxy */ = {
			isa = PBXContainerItemProxy;
			containerPortal = 35CCC77A27C3F82000E9C726 /* Project object */;
			proxyType = 1;
			remoteGlobalIDString = 35CCC78B27C3F82100E9C726;
			remoteInfo = "Contabilizei (macOS)";
		};
/* End PBXContainerItemProxy section */

/* Begin PBXFileReference section */
		352A410327C533E600AAC4E6 /* FullWidthButton.swift */ = {isa = PBXFileReference; lastKnownFileType = sourcecode.swift; path = FullWidthButton.swift; sourceTree = "<group>"; };
		352A410627C544EE00AAC4E6 /* SystemIconTextField.swift */ = {isa = PBXFileReference; lastKnownFileType = sourcecode.swift; path = SystemIconTextField.swift; sourceTree = "<group>"; };
		352A410927C54E7100AAC4E6 /* SystemIconSecureField.swift */ = {isa = PBXFileReference; lastKnownFileType = sourcecode.swift; path = SystemIconSecureField.swift; sourceTree = "<group>"; };
		35B4E80127C50E26000A96E5 /* Color+Extension.swift */ = {isa = PBXFileReference; lastKnownFileType = sourcecode.swift; path = "Color+Extension.swift"; sourceTree = "<group>"; };
		35CCC77F27C3F82000E9C726 /* ContabilizeiApp.swift */ = {isa = PBXFileReference; lastKnownFileType = sourcecode.swift; path = ContabilizeiApp.swift; sourceTree = "<group>"; };
		35CCC78127C3F82100E9C726 /* Assets.xcassets */ = {isa = PBXFileReference; lastKnownFileType = folder.assetcatalog; path = Assets.xcassets; sourceTree = "<group>"; };
		35CCC78627C3F82100E9C726 /* Contabilizei.app */ = {isa = PBXFileReference; explicitFileType = wrapper.application; includeInIndex = 0; path = Contabilizei.app; sourceTree = BUILT_PRODUCTS_DIR; };
		35CCC78C27C3F82100E9C726 /* Contabilizei.app */ = {isa = PBXFileReference; explicitFileType = wrapper.application; includeInIndex = 0; path = Contabilizei.app; sourceTree = BUILT_PRODUCTS_DIR; };
		35CCC78E27C3F82100E9C726 /* macOS.entitlements */ = {isa = PBXFileReference; lastKnownFileType = text.plist.entitlements; path = macOS.entitlements; sourceTree = "<group>"; };
		35CCC79327C3F82100E9C726 /* Tests iOS.xctest */ = {isa = PBXFileReference; explicitFileType = wrapper.cfbundle; includeInIndex = 0; path = "Tests iOS.xctest"; sourceTree = BUILT_PRODUCTS_DIR; };
		35CCC79727C3F82100E9C726 /* Tests_iOS.swift */ = {isa = PBXFileReference; lastKnownFileType = sourcecode.swift; path = Tests_iOS.swift; sourceTree = "<group>"; };
		35CCC79927C3F82100E9C726 /* Tests_iOSLaunchTests.swift */ = {isa = PBXFileReference; lastKnownFileType = sourcecode.swift; path = Tests_iOSLaunchTests.swift; sourceTree = "<group>"; };
		35CCC79F27C3F82100E9C726 /* Tests macOS.xctest */ = {isa = PBXFileReference; explicitFileType = wrapper.cfbundle; includeInIndex = 0; path = "Tests macOS.xctest"; sourceTree = BUILT_PRODUCTS_DIR; };
		35CCC7A327C3F82100E9C726 /* Tests_macOS.swift */ = {isa = PBXFileReference; lastKnownFileType = sourcecode.swift; path = Tests_macOS.swift; sourceTree = "<group>"; };
		35CCC7A527C3F82100E9C726 /* Tests_macOSLaunchTests.swift */ = {isa = PBXFileReference; lastKnownFileType = sourcecode.swift; path = Tests_macOSLaunchTests.swift; sourceTree = "<group>"; };
		35CCC7BC27C4132D00E9C726 /* LoginView.swift */ = {isa = PBXFileReference; lastKnownFileType = sourcecode.swift; path = LoginView.swift; sourceTree = "<group>"; };
		35CCC7C527C42A4000E9C726 /* CustomBorderViewModifier.swift */ = {isa = PBXFileReference; lastKnownFileType = sourcecode.swift; path = CustomBorderViewModifier.swift; sourceTree = "<group>"; };
/* End PBXFileReference section */

/* Begin PBXFrameworksBuildPhase section */
		35CCC78327C3F82100E9C726 /* Frameworks */ = {
			isa = PBXFrameworksBuildPhase;
			buildActionMask = 2147483647;
			files = (
			);
			runOnlyForDeploymentPostprocessing = 0;
		};
		35CCC78927C3F82100E9C726 /* Frameworks */ = {
			isa = PBXFrameworksBuildPhase;
			buildActionMask = 2147483647;
			files = (
			);
			runOnlyForDeploymentPostprocessing = 0;
		};
		35CCC79027C3F82100E9C726 /* Frameworks */ = {
			isa = PBXFrameworksBuildPhase;
			buildActionMask = 2147483647;
			files = (
			);
			runOnlyForDeploymentPostprocessing = 0;
		};
		35CCC79C27C3F82100E9C726 /* Frameworks */ = {
			isa = PBXFrameworksBuildPhase;
			buildActionMask = 2147483647;
			files = (
			);
			runOnlyForDeploymentPostprocessing = 0;
		};
/* End PBXFrameworksBuildPhase section */

/* Begin PBXGroup section */
		352A410127C531C700AAC4E6 /* Components */ = {
			isa = PBXGroup;
			children = (
				352A410227C531CF00AAC4E6 /* Button */,
				352A410C27C54F7A00AAC4E6 /* TextField */,
			);
			path = Components;
			sourceTree = "<group>";
		};
		352A410227C531CF00AAC4E6 /* Button */ = {
			isa = PBXGroup;
			children = (
				352A410327C533E600AAC4E6 /* FullWidthButton.swift */,
			);
			path = Button;
			sourceTree = "<group>";
		};
		352A410C27C54F7A00AAC4E6 /* TextField */ = {
			isa = PBXGroup;
			children = (
				352A410627C544EE00AAC4E6 /* SystemIconTextField.swift */,
				352A410927C54E7100AAC4E6 /* SystemIconSecureField.swift */,
			);
			path = TextField;
			sourceTree = "<group>";
		};
		35B4E80027C50E08000A96E5 /* Extensions */ = {
			isa = PBXGroup;
			children = (
				35B4E80127C50E26000A96E5 /* Color+Extension.swift */,
			);
			path = Extensions;
			sourceTree = "<group>";
		};
		35CCC77927C3F82000E9C726 = {
			isa = PBXGroup;
			children = (
				35CCC77E27C3F82000E9C726 /* Shared */,
				35CCC78D27C3F82100E9C726 /* macOS */,
				35CCC79627C3F82100E9C726 /* Tests iOS */,
				35CCC7A227C3F82100E9C726 /* Tests macOS */,
				35CCC78727C3F82100E9C726 /* Products */,
			);
			sourceTree = "<group>";
		};
		35CCC77E27C3F82000E9C726 /* Shared */ = {
			isa = PBXGroup;
			children = (
				35CCC77F27C3F82000E9C726 /* ContabilizeiApp.swift */,
				352A410127C531C700AAC4E6 /* Components */,
				35B4E80027C50E08000A96E5 /* Extensions */,
				35CCC7C327C4299C00E9C726 /* Modifiers */,
				35CCC7BB27C4132200E9C726 /* Login */,
				35CCC78127C3F82100E9C726 /* Assets.xcassets */,
			);
			path = Shared;
			sourceTree = "<group>";
		};
		35CCC78727C3F82100E9C726 /* Products */ = {
			isa = PBXGroup;
			children = (
				35CCC78627C3F82100E9C726 /* Contabilizei.app */,
				35CCC78C27C3F82100E9C726 /* Contabilizei.app */,
				35CCC79327C3F82100E9C726 /* Tests iOS.xctest */,
				35CCC79F27C3F82100E9C726 /* Tests macOS.xctest */,
			);
			name = Products;
			sourceTree = "<group>";
		};
		35CCC78D27C3F82100E9C726 /* macOS */ = {
			isa = PBXGroup;
			children = (
				35CCC78E27C3F82100E9C726 /* macOS.entitlements */,
			);
			path = macOS;
			sourceTree = "<group>";
		};
		35CCC79627C3F82100E9C726 /* Tests iOS */ = {
			isa = PBXGroup;
			children = (
				35CCC79727C3F82100E9C726 /* Tests_iOS.swift */,
				35CCC79927C3F82100E9C726 /* Tests_iOSLaunchTests.swift */,
			);
			path = "Tests iOS";
			sourceTree = "<group>";
		};
		35CCC7A227C3F82100E9C726 /* Tests macOS */ = {
			isa = PBXGroup;
			children = (
				35CCC7A327C3F82100E9C726 /* Tests_macOS.swift */,
				35CCC7A527C3F82100E9C726 /* Tests_macOSLaunchTests.swift */,
			);
			path = "Tests macOS";
			sourceTree = "<group>";
		};
		35CCC7BB27C4132200E9C726 /* Login */ = {
			isa = PBXGroup;
			children = (
				35CCC7BC27C4132D00E9C726 /* LoginView.swift */,
			);
			path = Login;
			sourceTree = "<group>";
		};
		35CCC7C327C4299C00E9C726 /* Modifiers */ = {
			isa = PBXGroup;
			children = (
				35CCC7C427C429B700E9C726 /* View */,
			);
			path = Modifiers;
			sourceTree = "<group>";
		};
		35CCC7C427C429B700E9C726 /* View */ = {
			isa = PBXGroup;
			children = (
				35CCC7C527C42A4000E9C726 /* CustomBorderViewModifier.swift */,
			);
			path = View;
			sourceTree = "<group>";
		};
/* End PBXGroup section */

/* Begin PBXNativeTarget section */
		35CCC78527C3F82100E9C726 /* Contabilizei (iOS) */ = {
			isa = PBXNativeTarget;
			buildConfigurationList = 35CCC7AF27C3F82100E9C726 /* Build configuration list for PBXNativeTarget "Contabilizei (iOS)" */;
			buildPhases = (
				35CCC78227C3F82100E9C726 /* Sources */,
				35CCC78327C3F82100E9C726 /* Frameworks */,
				35CCC78427C3F82100E9C726 /* Resources */,
			);
			buildRules = (
			);
			dependencies = (
			);
			name = "Contabilizei (iOS)";
			productName = "Contabilizei (iOS)";
			productReference = 35CCC78627C3F82100E9C726 /* Contabilizei.app */;
			productType = "com.apple.product-type.application";
		};
		35CCC78B27C3F82100E9C726 /* Contabilizei (macOS) */ = {
			isa = PBXNativeTarget;
			buildConfigurationList = 35CCC7B227C3F82100E9C726 /* Build configuration list for PBXNativeTarget "Contabilizei (macOS)" */;
			buildPhases = (
				35CCC78827C3F82100E9C726 /* Sources */,
				35CCC78927C3F82100E9C726 /* Frameworks */,
				35CCC78A27C3F82100E9C726 /* Resources */,
			);
			buildRules = (
			);
			dependencies = (
			);
			name = "Contabilizei (macOS)";
			productName = "Contabilizei (macOS)";
			productReference = 35CCC78C27C3F82100E9C726 /* Contabilizei.app */;
			productType = "com.apple.product-type.application";
		};
		35CCC79227C3F82100E9C726 /* Tests iOS */ = {
			isa = PBXNativeTarget;
			buildConfigurationList = 35CCC7B527C3F82100E9C726 /* Build configuration list for PBXNativeTarget "Tests iOS" */;
			buildPhases = (
				35CCC78F27C3F82100E9C726 /* Sources */,
				35CCC79027C3F82100E9C726 /* Frameworks */,
				35CCC79127C3F82100E9C726 /* Resources */,
			);
			buildRules = (
			);
			dependencies = (
				35CCC79527C3F82100E9C726 /* PBXTargetDependency */,
			);
			name = "Tests iOS";
			productName = "Tests iOS";
			productReference = 35CCC79327C3F82100E9C726 /* Tests iOS.xctest */;
			productType = "com.apple.product-type.bundle.ui-testing";
		};
		35CCC79E27C3F82100E9C726 /* Tests macOS */ = {
			isa = PBXNativeTarget;
			buildConfigurationList = 35CCC7B827C3F82100E9C726 /* Build configuration list for PBXNativeTarget "Tests macOS" */;
			buildPhases = (
				35CCC79B27C3F82100E9C726 /* Sources */,
				35CCC79C27C3F82100E9C726 /* Frameworks */,
				35CCC79D27C3F82100E9C726 /* Resources */,
			);
			buildRules = (
			);
			dependencies = (
				35CCC7A127C3F82100E9C726 /* PBXTargetDependency */,
			);
			name = "Tests macOS";
			productName = "Tests macOS";
			productReference = 35CCC79F27C3F82100E9C726 /* Tests macOS.xctest */;
			productType = "com.apple.product-type.bundle.ui-testing";
		};
/* End PBXNativeTarget section */

/* Begin PBXProject section */
		35CCC77A27C3F82000E9C726 /* Project object */ = {
			isa = PBXProject;
			attributes = {
				BuildIndependentTargetsInParallel = 1;
				LastSwiftUpdateCheck = 1320;
				LastUpgradeCheck = 1320;
				TargetAttributes = {
					35CCC78527C3F82100E9C726 = {
						CreatedOnToolsVersion = 13.2.1;
					};
					35CCC78B27C3F82100E9C726 = {
						CreatedOnToolsVersion = 13.2.1;
					};
					35CCC79227C3F82100E9C726 = {
						CreatedOnToolsVersion = 13.2.1;
						TestTargetID = 35CCC78527C3F82100E9C726;
					};
					35CCC79E27C3F82100E9C726 = {
						CreatedOnToolsVersion = 13.2.1;
						TestTargetID = 35CCC78B27C3F82100E9C726;
					};
				};
			};
			buildConfigurationList = 35CCC77D27C3F82000E9C726 /* Build configuration list for PBXProject "Contabilizei" */;
			compatibilityVersion = "Xcode 13.0";
			developmentRegion = en;
			hasScannedForEncodings = 0;
			knownRegions = (
				en,
				Base,
			);
			mainGroup = 35CCC77927C3F82000E9C726;
			productRefGroup = 35CCC78727C3F82100E9C726 /* Products */;
			projectDirPath = "";
			projectRoot = "";
			targets = (
				35CCC78527C3F82100E9C726 /* Contabilizei (iOS) */,
				35CCC78B27C3F82100E9C726 /* Contabilizei (macOS) */,
				35CCC79227C3F82100E9C726 /* Tests iOS */,
				35CCC79E27C3F82100E9C726 /* Tests macOS */,
			);
		};
/* End PBXProject section */

/* Begin PBXResourcesBuildPhase section */
		35CCC78427C3F82100E9C726 /* Resources */ = {
			isa = PBXResourcesBuildPhase;
			buildActionMask = 2147483647;
			files = (
				35CCC7AB27C3F82100E9C726 /* Assets.xcassets in Resources */,
			);
			runOnlyForDeploymentPostprocessing = 0;
		};
		35CCC78A27C3F82100E9C726 /* Resources */ = {
			isa = PBXResourcesBuildPhase;
			buildActionMask = 2147483647;
			files = (
				35CCC7AC27C3F82100E9C726 /* Assets.xcassets in Resources */,
			);
			runOnlyForDeploymentPostprocessing = 0;
		};
		35CCC79127C3F82100E9C726 /* Resources */ = {
			isa = PBXResourcesBuildPhase;
			buildActionMask = 2147483647;
			files = (
			);
			runOnlyForDeploymentPostprocessing = 0;
		};
		35CCC79D27C3F82100E9C726 /* Resources */ = {
			isa = PBXResourcesBuildPhase;
			buildActionMask = 2147483647;
			files = (
			);
			runOnlyForDeploymentPostprocessing = 0;
		};
/* End PBXResourcesBuildPhase section */

/* Begin PBXSourcesBuildPhase section */
		35CCC78227C3F82100E9C726 /* Sources */ = {
			isa = PBXSourcesBuildPhase;
			buildActionMask = 2147483647;
			files = (
				35CCC7BD27C4132D00E9C726 /* LoginView.swift in Sources */,
				352A410427C533E600AAC4E6 /* FullWidthButton.swift in Sources */,
				352A410727C544EE00AAC4E6 /* SystemIconTextField.swift in Sources */,
				352A410A27C54E7100AAC4E6 /* SystemIconSecureField.swift in Sources */,
				35CCC7A727C3F82100E9C726 /* ContabilizeiApp.swift in Sources */,
				35CCC7C627C42A4000E9C726 /* CustomBorderViewModifier.swift in Sources */,
				35B4E80227C50E26000A96E5 /* Color+Extension.swift in Sources */,
			);
			runOnlyForDeploymentPostprocessing = 0;
		};
		35CCC78827C3F82100E9C726 /* Sources */ = {
			isa = PBXSourcesBuildPhase;
			buildActionMask = 2147483647;
			files = (
				35CCC7C227C41CA100E9C726 /* LoginView.swift in Sources */,
				352A410527C533E600AAC4E6 /* FullWidthButton.swift in Sources */,
				352A410827C544EE00AAC4E6 /* SystemIconTextField.swift in Sources */,
				352A410B27C54E7100AAC4E6 /* SystemIconSecureField.swift in Sources */,
				35CCC7A827C3F82100E9C726 /* ContabilizeiApp.swift in Sources */,
				35CCC7C727C42A4000E9C726 /* CustomBorderViewModifier.swift in Sources */,
				35B4E80327C50E26000A96E5 /* Color+Extension.swift in Sources */,
			);
			runOnlyForDeploymentPostprocessing = 0;
		};
		35CCC78F27C3F82100E9C726 /* Sources */ = {
			isa = PBXSourcesBuildPhase;
			buildActionMask = 2147483647;
			files = (
				35CCC79A27C3F82100E9C726 /* Tests_iOSLaunchTests.swift in Sources */,
				35CCC79827C3F82100E9C726 /* Tests_iOS.swift in Sources */,
			);
			runOnlyForDeploymentPostprocessing = 0;
		};
		35CCC79B27C3F82100E9C726 /* Sources */ = {
			isa = PBXSourcesBuildPhase;
			buildActionMask = 2147483647;
			files = (
				35CCC7A627C3F82100E9C726 /* Tests_macOSLaunchTests.swift in Sources */,
				35CCC7A427C3F82100E9C726 /* Tests_macOS.swift in Sources */,
			);
			runOnlyForDeploymentPostprocessing = 0;
		};
/* End PBXSourcesBuildPhase section */

/* Begin PBXTargetDependency section */
		35CCC79527C3F82100E9C726 /* PBXTargetDependency */ = {
			isa = PBXTargetDependency;
			target = 35CCC78527C3F82100E9C726 /* Contabilizei (iOS) */;
			targetProxy = 35CCC79427C3F82100E9C726 /* PBXContainerItemProxy */;
		};
		35CCC7A127C3F82100E9C726 /* PBXTargetDependency */ = {
			isa = PBXTargetDependency;
			target = 35CCC78B27C3F82100E9C726 /* Contabilizei (macOS) */;
			targetProxy = 35CCC7A027C3F82100E9C726 /* PBXContainerItemProxy */;
		};
/* End PBXTargetDependency section */

/* Begin XCBuildConfiguration section */
		35CCC7AD27C3F82100E9C726 /* Debug */ = {
			isa = XCBuildConfiguration;
			buildSettings = {
				ALWAYS_SEARCH_USER_PATHS = NO;
				CLANG_ANALYZER_NONNULL = YES;
				CLANG_ANALYZER_NUMBER_OBJECT_CONVERSION = YES_AGGRESSIVE;
				CLANG_CXX_LANGUAGE_STANDARD = "gnu++17";
				CLANG_CXX_LIBRARY = "libc++";
				CLANG_ENABLE_MODULES = YES;
				CLANG_ENABLE_OBJC_ARC = YES;
				CLANG_ENABLE_OBJC_WEAK = YES;
				CLANG_WARN_BLOCK_CAPTURE_AUTORELEASING = YES;
				CLANG_WARN_BOOL_CONVERSION = YES;
				CLANG_WARN_COMMA = YES;
				CLANG_WARN_CONSTANT_CONVERSION = YES;
				CLANG_WARN_DEPRECATED_OBJC_IMPLEMENTATIONS = YES;
				CLANG_WARN_DIRECT_OBJC_ISA_USAGE = YES_ERROR;
				CLANG_WARN_DOCUMENTATION_COMMENTS = YES;
				CLANG_WARN_EMPTY_BODY = YES;
				CLANG_WARN_ENUM_CONVERSION = YES;
				CLANG_WARN_INFINITE_RECURSION = YES;
				CLANG_WARN_INT_CONVERSION = YES;
				CLANG_WARN_NON_LITERAL_NULL_CONVERSION = YES;
				CLANG_WARN_OBJC_IMPLICIT_RETAIN_SELF = YES;
				CLANG_WARN_OBJC_LITERAL_CONVERSION = YES;
				CLANG_WARN_OBJC_ROOT_CLASS = YES_ERROR;
				CLANG_WARN_QUOTED_INCLUDE_IN_FRAMEWORK_HEADER = YES;
				CLANG_WARN_RANGE_LOOP_ANALYSIS = YES;
				CLANG_WARN_STRICT_PROTOTYPES = YES;
				CLANG_WARN_SUSPICIOUS_MOVE = YES;
				CLANG_WARN_UNGUARDED_AVAILABILITY = YES_AGGRESSIVE;
				CLANG_WARN_UNREACHABLE_CODE = YES;
				CLANG_WARN__DUPLICATE_METHOD_MATCH = YES;
				COPY_PHASE_STRIP = NO;
				DEBUG_INFORMATION_FORMAT = dwarf;
				ENABLE_STRICT_OBJC_MSGSEND = YES;
				ENABLE_TESTABILITY = YES;
				GCC_C_LANGUAGE_STANDARD = gnu11;
				GCC_DYNAMIC_NO_PIC = NO;
				GCC_NO_COMMON_BLOCKS = YES;
				GCC_OPTIMIZATION_LEVEL = 0;
				GCC_PREPROCESSOR_DEFINITIONS = (
					"DEBUG=1",
					"$(inherited)",
				);
				GCC_WARN_64_TO_32_BIT_CONVERSION = YES;
				GCC_WARN_ABOUT_RETURN_TYPE = YES_ERROR;
				GCC_WARN_UNDECLARED_SELECTOR = YES;
				GCC_WARN_UNINITIALIZED_AUTOS = YES_AGGRESSIVE;
				GCC_WARN_UNUSED_FUNCTION = YES;
				GCC_WARN_UNUSED_VARIABLE = YES;
				MTL_ENABLE_DEBUG_INFO = INCLUDE_SOURCE;
				MTL_FAST_MATH = YES;
				ONLY_ACTIVE_ARCH = YES;
				SWIFT_ACTIVE_COMPILATION_CONDITIONS = DEBUG;
				SWIFT_OPTIMIZATION_LEVEL = "-Onone";
			};
			name = Debug;
		};
		35CCC7AE27C3F82100E9C726 /* Release */ = {
			isa = XCBuildConfiguration;
			buildSettings = {
				ALWAYS_SEARCH_USER_PATHS = NO;
				CLANG_ANALYZER_NONNULL = YES;
				CLANG_ANALYZER_NUMBER_OBJECT_CONVERSION = YES_AGGRESSIVE;
				CLANG_CXX_LANGUAGE_STANDARD = "gnu++17";
				CLANG_CXX_LIBRARY = "libc++";
				CLANG_ENABLE_MODULES = YES;
				CLANG_ENABLE_OBJC_ARC = YES;
				CLANG_ENABLE_OBJC_WEAK = YES;
				CLANG_WARN_BLOCK_CAPTURE_AUTORELEASING = YES;
				CLANG_WARN_BOOL_CONVERSION = YES;
				CLANG_WARN_COMMA = YES;
				CLANG_WARN_CONSTANT_CONVERSION = YES;
				CLANG_WARN_DEPRECATED_OBJC_IMPLEMENTATIONS = YES;
				CLANG_WARN_DIRECT_OBJC_ISA_USAGE = YES_ERROR;
				CLANG_WARN_DOCUMENTATION_COMMENTS = YES;
				CLANG_WARN_EMPTY_BODY = YES;
				CLANG_WARN_ENUM_CONVERSION = YES;
				CLANG_WARN_INFINITE_RECURSION = YES;
				CLANG_WARN_INT_CONVERSION = YES;
				CLANG_WARN_NON_LITERAL_NULL_CONVERSION = YES;
				CLANG_WARN_OBJC_IMPLICIT_RETAIN_SELF = YES;
				CLANG_WARN_OBJC_LITERAL_CONVERSION = YES;
				CLANG_WARN_OBJC_ROOT_CLASS = YES_ERROR;
				CLANG_WARN_QUOTED_INCLUDE_IN_FRAMEWORK_HEADER = YES;
				CLANG_WARN_RANGE_LOOP_ANALYSIS = YES;
				CLANG_WARN_STRICT_PROTOTYPES = YES;
				CLANG_WARN_SUSPICIOUS_MOVE = YES;
				CLANG_WARN_UNGUARDED_AVAILABILITY = YES_AGGRESSIVE;
				CLANG_WARN_UNREACHABLE_CODE = YES;
				CLANG_WARN__DUPLICATE_METHOD_MATCH = YES;
				COPY_PHASE_STRIP = NO;
				DEBUG_INFORMATION_FORMAT = "dwarf-with-dsym";
				ENABLE_NS_ASSERTIONS = NO;
				ENABLE_STRICT_OBJC_MSGSEND = YES;
				GCC_C_LANGUAGE_STANDARD = gnu11;
				GCC_NO_COMMON_BLOCKS = YES;
				GCC_WARN_64_TO_32_BIT_CONVERSION = YES;
				GCC_WARN_ABOUT_RETURN_TYPE = YES_ERROR;
				GCC_WARN_UNDECLARED_SELECTOR = YES;
				GCC_WARN_UNINITIALIZED_AUTOS = YES_AGGRESSIVE;
				GCC_WARN_UNUSED_FUNCTION = YES;
				GCC_WARN_UNUSED_VARIABLE = YES;
				MTL_ENABLE_DEBUG_INFO = NO;
				MTL_FAST_MATH = YES;
				SWIFT_COMPILATION_MODE = wholemodule;
				SWIFT_OPTIMIZATION_LEVEL = "-O";
			};
			name = Release;
		};
		35CCC7B027C3F82100E9C726 /* Debug */ = {
			isa = XCBuildConfiguration;
			buildSettings = {
				ASSETCATALOG_COMPILER_APPICON_NAME = AppIcon;
				ASSETCATALOG_COMPILER_GLOBAL_ACCENT_COLOR_NAME = AccentColor;
				CODE_SIGN_IDENTITY = "Apple Development";
				CODE_SIGN_STYLE = Automatic;
				CURRENT_PROJECT_VERSION = 1;
				DEVELOPMENT_TEAM = 5XNN7BLCMG;
				ENABLE_PREVIEWS = YES;
				GENERATE_INFOPLIST_FILE = YES;
				INFOPLIST_FILE = "Contabilizei--iOS--Info.plist";
				INFOPLIST_KEY_UIApplicationSceneManifest_Generation = YES;
				INFOPLIST_KEY_UIApplicationSupportsIndirectInputEvents = YES;
				INFOPLIST_KEY_UISupportedInterfaceOrientations_iPad = "UIInterfaceOrientationPortrait UIInterfaceOrientationPortraitUpsideDown UIInterfaceOrientationLandscapeLeft UIInterfaceOrientationLandscapeRight";
				INFOPLIST_KEY_UISupportedInterfaceOrientations_iPhone = "UIInterfaceOrientationPortrait UIInterfaceOrientationLandscapeLeft UIInterfaceOrientationLandscapeRight";
				IPHONEOS_DEPLOYMENT_TARGET = 15.2;
				LD_RUNPATH_SEARCH_PATHS = (
					"$(inherited)",
					"@executable_path/Frameworks",
				);
				MARKETING_VERSION = 1.0;
				PRODUCT_BUNDLE_IDENTIFIER = com.pedrofveloso.Contabilizei;
				PRODUCT_NAME = Contabilizei;
				PROVISIONING_PROFILE_SPECIFIER = "";
				SDKROOT = iphoneos;
				SWIFT_EMIT_LOC_STRINGS = YES;
				SWIFT_VERSION = 5.0;
				TARGETED_DEVICE_FAMILY = "1,2";
			};
			name = Debug;
		};
		35CCC7B127C3F82100E9C726 /* Release */ = {
			isa = XCBuildConfiguration;
			buildSettings = {
				ASSETCATALOG_COMPILER_APPICON_NAME = AppIcon;
				ASSETCATALOG_COMPILER_GLOBAL_ACCENT_COLOR_NAME = AccentColor;
				CODE_SIGN_IDENTITY = "Apple Development";
				CODE_SIGN_STYLE = Automatic;
				CURRENT_PROJECT_VERSION = 1;
				DEVELOPMENT_TEAM = 5XNN7BLCMG;
				ENABLE_PREVIEWS = YES;
				GENERATE_INFOPLIST_FILE = YES;
				INFOPLIST_FILE = "Contabilizei--iOS--Info.plist";
				INFOPLIST_KEY_UIApplicationSceneManifest_Generation = YES;
				INFOPLIST_KEY_UIApplicationSupportsIndirectInputEvents = YES;
				INFOPLIST_KEY_UISupportedInterfaceOrientations_iPad = "UIInterfaceOrientationPortrait UIInterfaceOrientationPortraitUpsideDown UIInterfaceOrientationLandscapeLeft UIInterfaceOrientationLandscapeRight";
				INFOPLIST_KEY_UISupportedInterfaceOrientations_iPhone = "UIInterfaceOrientationPortrait UIInterfaceOrientationLandscapeLeft UIInterfaceOrientationLandscapeRight";
				IPHONEOS_DEPLOYMENT_TARGET = 15.2;
				LD_RUNPATH_SEARCH_PATHS = (
					"$(inherited)",
					"@executable_path/Frameworks",
				);
				MARKETING_VERSION = 1.0;
				PRODUCT_BUNDLE_IDENTIFIER = com.pedrofveloso.Contabilizei;
				PRODUCT_NAME = Contabilizei;
				PROVISIONING_PROFILE_SPECIFIER = "";
				SDKROOT = iphoneos;
				SWIFT_EMIT_LOC_STRINGS = YES;
				SWIFT_VERSION = 5.0;
				TARGETED_DEVICE_FAMILY = "1,2";
				VALIDATE_PRODUCT = YES;
			};
			name = Release;
		};
		35CCC7B327C3F82100E9C726 /* Debug */ = {
			isa = XCBuildConfiguration;
			buildSettings = {
				ASSETCATALOG_COMPILER_APPICON_NAME = AppIcon;
				ASSETCATALOG_COMPILER_GLOBAL_ACCENT_COLOR_NAME = AccentColor;
				CODE_SIGN_ENTITLEMENTS = macOS/macOS.entitlements;
				CODE_SIGN_STYLE = Automatic;
				COMBINE_HIDPI_IMAGES = YES;
				CURRENT_PROJECT_VERSION = 1;
				ENABLE_PREVIEWS = YES;
				GENERATE_INFOPLIST_FILE = YES;
				INFOPLIST_KEY_NSHumanReadableCopyright = "";
				LD_RUNPATH_SEARCH_PATHS = (
					"$(inherited)",
					"@executable_path/../Frameworks",
				);
				MACOSX_DEPLOYMENT_TARGET = 12.1;
				MARKETING_VERSION = 1.0;
				PRODUCT_BUNDLE_IDENTIFIER = com.pedrofveloso.Contabilizei;
				PRODUCT_NAME = Contabilizei;
				SDKROOT = macosx;
				SWIFT_EMIT_LOC_STRINGS = YES;
				SWIFT_VERSION = 5.0;
			};
			name = Debug;
		};
		35CCC7B427C3F82100E9C726 /* Release */ = {
			isa = XCBuildConfiguration;
			buildSettings = {
				ASSETCATALOG_COMPILER_APPICON_NAME = AppIcon;
				ASSETCATALOG_COMPILER_GLOBAL_ACCENT_COLOR_NAME = AccentColor;
				CODE_SIGN_ENTITLEMENTS = macOS/macOS.entitlements;
				CODE_SIGN_STYLE = Automatic;
				COMBINE_HIDPI_IMAGES = YES;
				CURRENT_PROJECT_VERSION = 1;
				ENABLE_PREVIEWS = YES;
				GENERATE_INFOPLIST_FILE = YES;
				INFOPLIST_KEY_NSHumanReadableCopyright = "";
				LD_RUNPATH_SEARCH_PATHS = (
					"$(inherited)",
					"@executable_path/../Frameworks",
				);
				MACOSX_DEPLOYMENT_TARGET = 12.1;
				MARKETING_VERSION = 1.0;
				PRODUCT_BUNDLE_IDENTIFIER = com.pedrofveloso.Contabilizei;
				PRODUCT_NAME = Contabilizei;
				SDKROOT = macosx;
				SWIFT_EMIT_LOC_STRINGS = YES;
				SWIFT_VERSION = 5.0;
			};
			name = Release;
		};
		35CCC7B627C3F82100E9C726 /* Debug */ = {
			isa = XCBuildConfiguration;
			buildSettings = {
				ALWAYS_EMBED_SWIFT_STANDARD_LIBRARIES = YES;
				CODE_SIGN_STYLE = Automatic;
				CURRENT_PROJECT_VERSION = 1;
				GENERATE_INFOPLIST_FILE = YES;
				IPHONEOS_DEPLOYMENT_TARGET = 15.2;
				MARKETING_VERSION = 1.0;
				PRODUCT_BUNDLE_IDENTIFIER = "com.pedrofveloso.Tests-iOS";
				PRODUCT_NAME = "$(TARGET_NAME)";
				SDKROOT = iphoneos;
				SWIFT_EMIT_LOC_STRINGS = NO;
				SWIFT_VERSION = 5.0;
				TARGETED_DEVICE_FAMILY = "1,2";
				TEST_TARGET_NAME = "Contabilizei (iOS)";
			};
			name = Debug;
		};
		35CCC7B727C3F82100E9C726 /* Release */ = {
			isa = XCBuildConfiguration;
			buildSettings = {
				ALWAYS_EMBED_SWIFT_STANDARD_LIBRARIES = YES;
				CODE_SIGN_STYLE = Automatic;
				CURRENT_PROJECT_VERSION = 1;
				GENERATE_INFOPLIST_FILE = YES;
				IPHONEOS_DEPLOYMENT_TARGET = 15.2;
				MARKETING_VERSION = 1.0;
				PRODUCT_BUNDLE_IDENTIFIER = "com.pedrofveloso.Tests-iOS";
				PRODUCT_NAME = "$(TARGET_NAME)";
				SDKROOT = iphoneos;
				SWIFT_EMIT_LOC_STRINGS = NO;
				SWIFT_VERSION = 5.0;
				TARGETED_DEVICE_FAMILY = "1,2";
				TEST_TARGET_NAME = "Contabilizei (iOS)";
				VALIDATE_PRODUCT = YES;
			};
			name = Release;
		};
		35CCC7B927C3F82100E9C726 /* Debug */ = {
			isa = XCBuildConfiguration;
			buildSettings = {
				ALWAYS_EMBED_SWIFT_STANDARD_LIBRARIES = YES;
				CODE_SIGN_STYLE = Automatic;
				CURRENT_PROJECT_VERSION = 1;
				GENERATE_INFOPLIST_FILE = YES;
				MACOSX_DEPLOYMENT_TARGET = 12.1;
				MARKETING_VERSION = 1.0;
				PRODUCT_BUNDLE_IDENTIFIER = "com.pedrofveloso.Tests-macOS";
				PRODUCT_NAME = "$(TARGET_NAME)";
				SDKROOT = macosx;
				SWIFT_EMIT_LOC_STRINGS = NO;
				SWIFT_VERSION = 5.0;
				TEST_TARGET_NAME = "Contabilizei (macOS)";
			};
			name = Debug;
		};
		35CCC7BA27C3F82100E9C726 /* Release */ = {
			isa = XCBuildConfiguration;
			buildSettings = {
				ALWAYS_EMBED_SWIFT_STANDARD_LIBRARIES = YES;
				CODE_SIGN_STYLE = Automatic;
				CURRENT_PROJECT_VERSION = 1;
				GENERATE_INFOPLIST_FILE = YES;
				MACOSX_DEPLOYMENT_TARGET = 12.1;
				MARKETING_VERSION = 1.0;
				PRODUCT_BUNDLE_IDENTIFIER = "com.pedrofveloso.Tests-macOS";
				PRODUCT_NAME = "$(TARGET_NAME)";
				SDKROOT = macosx;
				SWIFT_EMIT_LOC_STRINGS = NO;
				SWIFT_VERSION = 5.0;
				TEST_TARGET_NAME = "Contabilizei (macOS)";
			};
			name = Release;
		};
/* End XCBuildConfiguration section */

/* Begin XCConfigurationList section */
		35CCC77D27C3F82000E9C726 /* Build configuration list for PBXProject "Contabilizei" */ = {
			isa = XCConfigurationList;
			buildConfigurations = (
				35CCC7AD27C3F82100E9C726 /* Debug */,
				35CCC7AE27C3F82100E9C726 /* Release */,
			);
			defaultConfigurationIsVisible = 0;
			defaultConfigurationName = Release;
		};
		35CCC7AF27C3F82100E9C726 /* Build configuration list for PBXNativeTarget "Contabilizei (iOS)" */ = {
			isa = XCConfigurationList;
			buildConfigurations = (
				35CCC7B027C3F82100E9C726 /* Debug */,
				35CCC7B127C3F82100E9C726 /* Release */,
			);
			defaultConfigurationIsVisible = 0;
			defaultConfigurationName = Release;
		};
		35CCC7B227C3F82100E9C726 /* Build configuration list for PBXNativeTarget "Contabilizei (macOS)" */ = {
			isa = XCConfigurationList;
			buildConfigurations = (
				35CCC7B327C3F82100E9C726 /* Debug */,
				35CCC7B427C3F82100E9C726 /* Release */,
			);
			defaultConfigurationIsVisible = 0;
			defaultConfigurationName = Release;
		};
		35CCC7B527C3F82100E9C726 /* Build configuration list for PBXNativeTarget "Tests iOS" */ = {
			isa = XCConfigurationList;
			buildConfigurations = (
				35CCC7B627C3F82100E9C726 /* Debug */,
				35CCC7B727C3F82100E9C726 /* Release */,
			);
			defaultConfigurationIsVisible = 0;
			defaultConfigurationName = Release;
		};
		35CCC7B827C3F82100E9C726 /* Build configuration list for PBXNativeTarget "Tests macOS" */ = {
			isa = XCConfigurationList;
			buildConfigurations = (
				35CCC7B927C3F82100E9C726 /* Debug */,
				35CCC7BA27C3F82100E9C726 /* Release */,
			);
			defaultConfigurationIsVisible = 0;
			defaultConfigurationName = Release;
		};
/* End XCConfigurationList section */
	};
	rootObject = 35CCC77A27C3F82000E9C726 /* Project object */;
}
